
Microsoft Visual Studio Solution File, Format Version 12.00
# Visual Studio 15
VisualStudioVersion = 15.0.28307.489
MinimumVisualStudioVersion = 10.0.40219.1
Project("{9A19103F-16F7-4668-BE54-9A1E7A4F7556}") = "RegisterPerson.API", "RegisterPerson.API\RegisterPerson.API.csproj", "{3738D2F5-1725-4893-B6F5-E9236DBC4964}"
EndProject
Project("{FAE04EC0-301F-11D3-BF4B-00C04F79EFBC}") = "RegisterPerson.Domain.Model", "RegisterPerson.Domain.Model\RegisterPerson.Domain.Model.csproj", "{DD28A83D-20B4-4B95-8DDB-8B3902A2B616}"
EndProject
Project("{FAE04EC0-301F-11D3-BF4B-00C04F79EFBC}") = "RegisterPerson.Domain.Services", "RegisterPerson.Domain.Services\RegisterPerson.Domain.Services.csproj", "{97F8C9C7-7D4F-4E0B-8364-F8A1B30CAB1A}"
EndProject
Project("{FAE04EC0-301F-11D3-BF4B-00C04F79EFBC}") = "RegisterPerson.DataAccess.Abstract", "RegisterPerson.DataAccess.Abstract\RegisterPerson.DataAccess.Abstract.csproj", "{91A01C85-8F2C-49A0-8E8C-33B3D2C1E88B}"
EndProject
Project("{FAE04EC0-301F-11D3-BF4B-00C04F79EFBC}") = "RegisterPerson.DataAccess.SqlServer", "RegisterPerson.DataAccess.SqlServer\RegisterPerson.DataAccess.SqlServer.csproj", "{077CA83C-6BBD-4B5D-9157-3038A5BC58C8}"
EndProject
Global
	GlobalSection(SolutionConfigurationPlatforms) = preSolution
		Debug|Any CPU = Debug|Any CPU
		Release|Any CPU = Release|Any CPU
	EndGlobalSection
	GlobalSection(ProjectConfigurationPlatforms) = postSolution
		{3738D2F5-1725-4893-B6F5-E9236DBC4964}.Debug|Any CPU.ActiveCfg = Debug|Any CPU
		{3738D2F5-1725-4893-B6F5-E9236DBC4964}.Debug|Any CPU.Build.0 = Debug|Any CPU
		{3738D2F5-1725-4893-B6F5-E9236DBC4964}.Release|Any CPU.ActiveCfg = Release|Any CPU
		{3738D2F5-1725-4893-B6F5-E9236DBC4964}.Release|Any CPU.Build.0 = Release|Any CPU
		{DD28A83D-20B4-4B95-8DDB-8B3902A2B616}.Debug|Any CPU.ActiveCfg = Debug|Any CPU
		{DD28A83D-20B4-4B95-8DDB-8B3902A2B616}.Debug|Any CPU.Build.0 = Debug|Any CPU
		{DD28A83D-20B4-4B95-8DDB-8B3902A2B616}.Release|Any CPU.ActiveCfg = Release|Any CPU
		{DD28A83D-20B4-4B95-8DDB-8B3902A2B616}.Release|Any CPU.Build.0 = Release|Any CPU
		{97F8C9C7-7D4F-4E0B-8364-F8A1B30CAB1A}.Debug|Any CPU.ActiveCfg = Debug|Any CPU
		{97F8C9C7-7D4F-4E0B-8364-F8A1B30CAB1A}.Debug|Any CPU.Build.0 = Debug|Any CPU
		{97F8C9C7-7D4F-4E0B-8364-F8A1B30CAB1A}.Release|Any CPU.ActiveCfg = Release|Any CPU
		{97F8C9C7-7D4F-4E0B-8364-F8A1B30CAB1A}.Release|Any CPU.Build.0 = Release|Any CPU
		{91A01C85-8F2C-49A0-8E8C-33B3D2C1E88B}.Debug|Any CPU.ActiveCfg = Debug|Any CPU
		{91A01C85-8F2C-49A0-8E8C-33B3D2C1E88B}.Debug|Any CPU.Build.0 = Debug|Any CPU
		{91A01C85-8F2C-49A0-8E8C-33B3D2C1E88B}.Release|Any CPU.ActiveCfg = Release|Any CPU
		{91A01C85-8F2C-49A0-8E8C-33B3D2C1E88B}.Release|Any CPU.Build.0 = Release|Any CPU
		{077CA83C-6BBD-4B5D-9157-3038A5BC58C8}.Debug|Any CPU.ActiveCfg = Debug|Any CPU
		{077CA83C-6BBD-4B5D-9157-3038A5BC58C8}.Debug|Any CPU.Build.0 = Debug|Any CPU
		{077CA83C-6BBD-4B5D-9157-3038A5BC58C8}.Release|Any CPU.ActiveCfg = Release|Any CPU
		{077CA83C-6BBD-4B5D-9157-3038A5BC58C8}.Release|Any CPU.Build.0 = Release|Any CPU
	EndGlobalSection
	GlobalSection(SolutionProperties) = preSolution
		HideSolutionNode = FALSE
	EndGlobalSection
	GlobalSection(ExtensibilityGlobals) = postSolution
		SolutionGuid = {35C21AC7-4FE8-41C3-A7D6-B2EE6532CC23}
	EndGlobalSection
EndGlobal
